{
  "nodes": {
    "nixpkgs": {
      "locked": {
        "lastModified": 1681212072,
        "narHash": "sha256-iOsAf/Z+MGecrvcrpqdm5eynRVi96cxtu/HkHFCrPyA=",
        "owner": "NixOS",
        "repo": "nixpkgs",
        "rev": "9e9444a744b0a91a00c50bdc63e380d53581ca08",
        "type": "github"
      },
      "original": {
        "owner": "NixOS",
        "ref": "master",
        "repo": "nixpkgs",
        "type": "github"
      }
    },
    "root": {
      "inputs": {
        "nixpkgs": "nixpkgs"
      }
    }
  },
  "root": "root",
  "version": 7
}
